
Microsoft Visual Studio Solution File, Format Version 12.00
# Visual Studio Version 17
VisualStudioVersion = 17.2.32630.192
MinimumVisualStudioVersion = 10.0.40219.1
Project("{FAE04EC0-301F-11D3-BF4B-00C04F79EFBC}") = "Decorator", "Decorator\Decorator.csproj", "{AFAAA274-FF37-454C-8879-EBA669B1E47E}"
EndProject
Global
	GlobalSection(SolutionConfigurationPlatforms) = preSolution
		Debug|Any CPU = Debug|Any CPU
		Release|Any CPU = Release|Any CPU
	EndGlobalSection
	GlobalSection(ProjectConfigurationPlatforms) = postSolution
		{AFAAA274-FF37-454C-8879-EBA669B1E47E}.Debug|Any CPU.ActiveCfg = Debug|Any CPU
		{AFAAA274-FF37-454C-8879-EBA669B1E47E}.Debug|Any CPU.Build.0 = Debug|Any CPU
		{AFAAA274-FF37-454C-8879-EBA669B1E47E}.Release|Any CPU.ActiveCfg = Release|Any CPU
		{AFAAA274-FF37-454C-8879-EBA669B1E47E}.Release|Any CPU.Build.0 = Release|Any CPU
	EndGlobalSection
	GlobalSection(SolutionProperties) = preSolution
		HideSolutionNode = FALSE
	EndGlobalSection
	GlobalSection(ExtensibilityGlobals) = postSolution
		SolutionGuid = {FAE35EAF-21A6-40C0-A5FD-281849F4DE70}
	EndGlobalSection
EndGlobal
